
Microsoft Visual Studio Solution File, Format Version 12.00
# Visual Studio Version 17
VisualStudioVersion = 17.14.36705.20 d17.14
MinimumVisualStudioVersion = 10.0.40219.1
Project("{FAE04EC0-301F-11D3-BF4B-00C04F79EFBC}") = "RegGoodMd5Server", "RegGoodMd5Server\RegGoodMd5Server.csproj", "{F199181E-754F-45AA-A385-CCBAB330442B}"
EndProject
Global
	GlobalSection(SolutionConfigurationPlatforms) = preSolution
		Debug|Any CPU = Debug|Any CPU
		Release|Any CPU = Release|Any CPU
	EndGlobalSection
	GlobalSection(ProjectConfigurationPlatforms) = postSolution
		{F199181E-754F-45AA-A385-CCBAB330442B}.Debug|Any CPU.ActiveCfg = Debug|Any CPU
		{F199181E-754F-45AA-A385-CCBAB330442B}.Debug|Any CPU.Build.0 = Debug|Any CPU
		{F199181E-754F-45AA-A385-CCBAB330442B}.Release|Any CPU.ActiveCfg = Release|Any CPU
		{F199181E-754F-45AA-A385-CCBAB330442B}.Release|Any CPU.Build.0 = Release|Any CPU
	EndGlobalSection
	GlobalSection(SolutionProperties) = preSolution
		HideSolutionNode = FALSE
	EndGlobalSection
	GlobalSection(ExtensibilityGlobals) = postSolution
		SolutionGuid = {66AD0FCC-5565-415B-A9C3-B29816CCD043}
	EndGlobalSection
EndGlobal
